
Microsoft Visual Studio Solution File, Format Version 12.00
# Visual Studio 15
Project("{FAE04EC0-301F-11D3-BF4B-00C04F79EFBC}") = "UnityEngine.TestRunner", "UnityEngine.TestRunner.csproj", "{FA8249B9-5007-1190-1F07-86DE32AF7401}"
EndProject
Project("{FAE04EC0-301F-11D3-BF4B-00C04F79EFBC}") = "Unity.Mathematics", "Unity.Mathematics.csproj", "{1B1D8973-A419-3D4A-3B55-0FCD1A418DDF}"
EndProject
Project("{FAE04EC0-301F-11D3-BF4B-00C04F79EFBC}") = "Unity.2D.Animation.Triangle.Runtime", "Unity.2D.Animation.Triangle.Runtime.csproj", "{B76BF91D-A886-53E0-D469-3C686EEAC99C}"
EndProject
Project("{FAE04EC0-301F-11D3-BF4B-00C04F79EFBC}") = "Unity.Timeline", "Unity.Timeline.csproj", "{E6F32CC8-B140-3217-3201-F54A694C822C}"
EndProject
Project("{FAE04EC0-301F-11D3-BF4B-00C04F79EFBC}") = "UnityEngine.UI", "UnityEngine.UI.csproj", "{7497DB60-08EF-8996-C6A8-95F179815AF7}"
EndProject
Project("{FAE04EC0-301F-11D3-BF4B-00C04F79EFBC}") = "Assembly-CSharp", "Assembly-CSharp.csproj", "{048A8EED-B6F6-D393-F3E6-740D2610E46D}"
EndProject
Project("{FAE04EC0-301F-11D3-BF4B-00C04F79EFBC}") = "Unity.TextMeshPro", "Unity.TextMeshPro.csproj", "{0897571B-86D3-C12D-AC31-2CF7A15896E2}"
EndProject
Project("{FAE04EC0-301F-11D3-BF4B-00C04F79EFBC}") = "Unity.2D.Animation.Runtime", "Unity.2D.Animation.Runtime.csproj", "{0B8E96EC-7601-F21D-3EB1-3326599CD4DC}"
EndProject
Project("{FAE04EC0-301F-11D3-BF4B-00C04F79EFBC}") = "Unity.2D.IK.Runtime", "Unity.2D.IK.Runtime.csproj", "{2DE8956B-1E8D-9A57-E756-76772606A334}"
EndProject
Project("{FAE04EC0-301F-11D3-BF4B-00C04F79EFBC}") = "Unity.2D.SpriteShape.Runtime", "Unity.2D.SpriteShape.Runtime.csproj", "{3BA0C4B9-3417-2DBD-28E8-D9401CB03623}"
EndProject
Project("{FAE04EC0-301F-11D3-BF4B-00C04F79EFBC}") = "Unity.2D.PixelPerfect", "Unity.2D.PixelPerfect.csproj", "{A7D892C3-9486-75DB-9D27-B558B241E14D}"
EndProject
Project("{FAE04EC0-301F-11D3-BF4B-00C04F79EFBC}") = "Unity.2D.Common.Runtime", "Unity.2D.Common.Runtime.csproj", "{24F179FB-E94A-C511-4D04-A6E82DD015C3}"
EndProject
Project("{FAE04EC0-301F-11D3-BF4B-00C04F79EFBC}") = "Unity.InternalAPIEngineBridge.001", "Unity.InternalAPIEngineBridge.001.csproj", "{9708C9A0-E812-7066-A596-F9345F54A321}"
EndProject
Project("{FAE04EC0-301F-11D3-BF4B-00C04F79EFBC}") = "UnityEditor.TestRunner", "UnityEditor.TestRunner.csproj", "{0518E2D7-8AAE-6A61-792A-A17B984BFED8}"
EndProject
Project("{FAE04EC0-301F-11D3-BF4B-00C04F79EFBC}") = "Unity.PlasticSCM.Editor", "Unity.PlasticSCM.Editor.csproj", "{93108B0A-4E28-AA60-BD84-9770EDFBE4E6}"
EndProject
Project("{FAE04EC0-301F-11D3-BF4B-00C04F79EFBC}") = "UnityEditor.UI", "UnityEditor.UI.csproj", "{FBD0989F-D873-2483-3277-3AB19F3863EA}"
EndProject
Project("{FAE04EC0-301F-11D3-BF4B-00C04F79EFBC}") = "Unity.Services.Core.Editor", "Unity.Services.Core.Editor.csproj", "{7D9D133B-6632-055D-44EE-3A46A87BFA93}"
EndProject
Project("{FAE04EC0-301F-11D3-BF4B-00C04F79EFBC}") = "Unity.Timeline.Editor", "Unity.Timeline.Editor.csproj", "{8987504C-6251-710C-FCED-F42BD0DB5A60}"
EndProject
Project("{FAE04EC0-301F-11D3-BF4B-00C04F79EFBC}") = "Unity.VisualStudio.Editor", "Unity.VisualStudio.Editor.csproj", "{72483E4A-013F-7CB4-2440-135641337F1B}"
EndProject
Project("{FAE04EC0-301F-11D3-BF4B-00C04F79EFBC}") = "Unity.2D.Psdimporter.Editor", "Unity.2D.Psdimporter.Editor.csproj", "{EB2645E3-0160-C015-C1B8-4D79552C1A58}"
EndProject
Project("{FAE04EC0-301F-11D3-BF4B-00C04F79EFBC}") = "Unity.2D.Animation.Editor", "Unity.2D.Animation.Editor.csproj", "{3F065026-630D-882A-ABDB-BBCFFC31CFB3}"
EndProject
Project("{FAE04EC0-301F-11D3-BF4B-00C04F79EFBC}") = "Unity.TextMeshPro.Editor", "Unity.TextMeshPro.Editor.csproj", "{880FBC34-C804-0835-E7EB-3DF43BC4C4C0}"
EndProject
Project("{FAE04EC0-301F-11D3-BF4B-00C04F79EFBC}") = "Unity.2D.SpriteShape.Editor", "Unity.2D.SpriteShape.Editor.csproj", "{FE861778-078F-8B5F-E931-49B8F91883C7}"
EndProject
Project("{FAE04EC0-301F-11D3-BF4B-00C04F79EFBC}") = "Unity.CollabProxy.Editor", "Unity.CollabProxy.Editor.csproj", "{0ADE4AF2-EFA9-2A62-49FF-3DBBEE294BE4}"
EndProject
Project("{FAE04EC0-301F-11D3-BF4B-00C04F79EFBC}") = "PsdPlugin", "PsdPlugin.csproj", "{FF5BDC69-5743-E7F3-63F9-5C0A828C54B5}"
EndProject
Project("{FAE04EC0-301F-11D3-BF4B-00C04F79EFBC}") = "Unity.2D.Path.Editor", "Unity.2D.Path.Editor.csproj", "{2FA7391A-9542-AE7B-F70B-70EC96C05665}"
EndProject
Project("{FAE04EC0-301F-11D3-BF4B-00C04F79EFBC}") = "Unity.Rider.Editor", "Unity.Rider.Editor.csproj", "{574529C0-DE79-09E3-5B8E-99D157FCD381}"
EndProject
Project("{FAE04EC0-301F-11D3-BF4B-00C04F79EFBC}") = "Unity.2D.IK.Editor", "Unity.2D.IK.Editor.csproj", "{A005D61E-D96B-7F4A-FE24-B2E94DBACD4F}"
EndProject
Project("{FAE04EC0-301F-11D3-BF4B-00C04F79EFBC}") = "Unity.2D.Sprite.Editor", "Unity.2D.Sprite.Editor.csproj", "{7373D8AD-7749-8B7B-4ADE-6B3EC5F28FA6}"
EndProject
Project("{FAE04EC0-301F-11D3-BF4B-00C04F79EFBC}") = "Unity.2D.Tilemap.Editor", "Unity.2D.Tilemap.Editor.csproj", "{4D001E30-29F5-74D1-28F9-D2B58EBD0F03}"
EndProject
Project("{FAE04EC0-301F-11D3-BF4B-00C04F79EFBC}") = "Unity.2D.PixelPerfect.Editor", "Unity.2D.PixelPerfect.Editor.csproj", "{DBF32281-4B86-E349-72BA-CFF771410729}"
EndProject
Project("{FAE04EC0-301F-11D3-BF4B-00C04F79EFBC}") = "Unity.VSCode.Editor", "Unity.VSCode.Editor.csproj", "{4AD083F6-01AC-D633-79E9-4C34619A9C3A}"
EndProject
Project("{FAE04EC0-301F-11D3-BF4B-00C04F79EFBC}") = "Unity.2D.Common.Editor", "Unity.2D.Common.Editor.csproj", "{A32C41C9-9A12-0CFC-3DC7-80D2052A6FB2}"
EndProject
Project("{FAE04EC0-301F-11D3-BF4B-00C04F79EFBC}") = "Unity.Mathematics.Editor", "Unity.Mathematics.Editor.csproj", "{CEF8C53F-3108-4199-37DB-5AA68503D660}"
EndProject
Project("{FAE04EC0-301F-11D3-BF4B-00C04F79EFBC}") = "Unity.InternalAPIEditorBridge.001", "Unity.InternalAPIEditorBridge.001.csproj", "{13C4B242-5372-8027-D458-5A9D624C5BD4}"
EndProject
Project("{FAE04EC0-301F-11D3-BF4B-00C04F79EFBC}") = "UnityEngine.TestRunner", "UnityEngine.TestRunner.Player.csproj", "{B17435FD-C1E1-5683-FEE5-4443B2180483}"
EndProject
Project("{FAE04EC0-301F-11D3-BF4B-00C04F79EFBC}") = "Unity.Mathematics", "Unity.Mathematics.Player.csproj", "{C94D9734-570B-855E-35A6-30715E83D6D2}"
EndProject
Project("{FAE04EC0-301F-11D3-BF4B-00C04F79EFBC}") = "Unity.2D.Animation.Triangle.Runtime", "Unity.2D.Animation.Triangle.Runtime.Player.csproj", "{5761A8F3-A4F1-DCD8-9207-2DA2F9914993}"
EndProject
Project("{FAE04EC0-301F-11D3-BF4B-00C04F79EFBC}") = "Unity.Timeline", "Unity.Timeline.Player.csproj", "{716185FC-BFA0-4D82-4426-5745757DE9E7}"
EndProject
Project("{FAE04EC0-301F-11D3-BF4B-00C04F79EFBC}") = "UnityEngine.UI", "UnityEngine.UI.Player.csproj", "{77EE9236-D0C0-728A-50EE-0FA80E559E4F}"
EndProject
Project("{FAE04EC0-301F-11D3-BF4B-00C04F79EFBC}") = "Assembly-CSharp", "Assembly-CSharp.Player.csproj", "{36A99DAB-7683-50B2-E4F8-BA6799576159}"
EndProject
Project("{FAE04EC0-301F-11D3-BF4B-00C04F79EFBC}") = "Unity.TextMeshPro", "Unity.TextMeshPro.Player.csproj", "{A8433627-6BA9-A64E-AAD7-DEB78DED5F02}"
EndProject
Project("{FAE04EC0-301F-11D3-BF4B-00C04F79EFBC}") = "Unity.2D.Animation.Runtime", "Unity.2D.Animation.Runtime.Player.csproj", "{ED999BC1-45E7-47E1-DC2F-A71561045811}"
EndProject
Project("{FAE04EC0-301F-11D3-BF4B-00C04F79EFBC}") = "Unity.2D.IK.Runtime", "Unity.2D.IK.Runtime.Player.csproj", "{1903A34C-43F0-9400-152D-4AC64B7B2E69}"
EndProject
Project("{FAE04EC0-301F-11D3-BF4B-00C04F79EFBC}") = "Unity.2D.SpriteShape.Runtime", "Unity.2D.SpriteShape.Runtime.Player.csproj", "{C32BD77B-5B8C-B795-6BDC-410DF89525DC}"
EndProject
Project("{FAE04EC0-301F-11D3-BF4B-00C04F79EFBC}") = "Unity.2D.PixelPerfect", "Unity.2D.PixelPerfect.Player.csproj", "{BDECD2C5-7C52-67D9-383A-8C89821C7471}"
EndProject
Project("{FAE04EC0-301F-11D3-BF4B-00C04F79EFBC}") = "Unity.2D.Common.Runtime", "Unity.2D.Common.Runtime.Player.csproj", "{4058F802-227F-B476-C2A0-CA731B2DA2D8}"
EndProject
Project("{FAE04EC0-301F-11D3-BF4B-00C04F79EFBC}") = "Unity.InternalAPIEngineBridge.001", "Unity.InternalAPIEngineBridge.001.Player.csproj", "{69579BF8-A69A-9BDD-0E68-F1CDFE2B1B04}"
EndProject
Global
	GlobalSection(SolutionConfigurationPlatforms) = preSolution
		Debug|Any CPU = Debug|Any CPU
		Release|Any CPU = Release|Any CPU
	EndGlobalSection
	GlobalSection(ProjectConfigurationPlatforms) = postSolution
		{FA8249B9-5007-1190-1F07-86DE32AF7401}.Debug|Any CPU.ActiveCfg = Debug|Any CPU
		{FA8249B9-5007-1190-1F07-86DE32AF7401}.Debug|Any CPU.Build.0 = Debug|Any CPU
		{FA8249B9-5007-1190-1F07-86DE32AF7401}.Release|Any CPU.ActiveCfg = Release|Any CPU
		{FA8249B9-5007-1190-1F07-86DE32AF7401}.Release|Any CPU.Build.0 = Release|Any CPU
		{1B1D8973-A419-3D4A-3B55-0FCD1A418DDF}.Debug|Any CPU.ActiveCfg = Debug|Any CPU
		{1B1D8973-A419-3D4A-3B55-0FCD1A418DDF}.Debug|Any CPU.Build.0 = Debug|Any CPU
		{1B1D8973-A419-3D4A-3B55-0FCD1A418DDF}.Release|Any CPU.ActiveCfg = Release|Any CPU
		{1B1D8973-A419-3D4A-3B55-0FCD1A418DDF}.Release|Any CPU.Build.0 = Release|Any CPU
		{B76BF91D-A886-53E0-D469-3C686EEAC99C}.Debug|Any CPU.ActiveCfg = Debug|Any CPU
		{B76BF91D-A886-53E0-D469-3C686EEAC99C}.Debug|Any CPU.Build.0 = Debug|Any CPU
		{B76BF91D-A886-53E0-D469-3C686EEAC99C}.Release|Any CPU.ActiveCfg = Release|Any CPU
		{B76BF91D-A886-53E0-D469-3C686EEAC99C}.Release|Any CPU.Build.0 = Release|Any CPU
		{E6F32CC8-B140-3217-3201-F54A694C822C}.Debug|Any CPU.ActiveCfg = Debug|Any CPU
		{E6F32CC8-B140-3217-3201-F54A694C822C}.Debug|Any CPU.Build.0 = Debug|Any CPU
		{E6F32CC8-B140-3217-3201-F54A694C822C}.Release|Any CPU.ActiveCfg = Release|Any CPU
		{E6F32CC8-B140-3217-3201-F54A694C822C}.Release|Any CPU.Build.0 = Release|Any CPU
		{7497DB60-08EF-8996-C6A8-95F179815AF7}.Debug|Any CPU.ActiveCfg = Debug|Any CPU
		{7497DB60-08EF-8996-C6A8-95F179815AF7}.Debug|Any CPU.Build.0 = Debug|Any CPU
		{7497DB60-08EF-8996-C6A8-95F179815AF7}.Release|Any CPU.ActiveCfg = Release|Any CPU
		{7497DB60-08EF-8996-C6A8-95F179815AF7}.Release|Any CPU.Build.0 = Release|Any CPU
		{048A8EED-B6F6-D393-F3E6-740D2610E46D}.Debug|Any CPU.ActiveCfg = Debug|Any CPU
		{048A8EED-B6F6-D393-F3E6-740D2610E46D}.Debug|Any CPU.Build.0 = Debug|Any CPU
		{048A8EED-B6F6-D393-F3E6-740D2610E46D}.Release|Any CPU.ActiveCfg = Release|Any CPU
		{048A8EED-B6F6-D393-F3E6-740D2610E46D}.Release|Any CPU.Build.0 = Release|Any CPU
		{0897571B-86D3-C12D-AC31-2CF7A15896E2}.Debug|Any CPU.ActiveCfg = Debug|Any CPU
		{0897571B-86D3-C12D-AC31-2CF7A15896E2}.Debug|Any CPU.Build.0 = Debug|Any CPU
		{0897571B-86D3-C12D-AC31-2CF7A15896E2}.Release|Any CPU.ActiveCfg = Release|Any CPU
		{0897571B-86D3-C12D-AC31-2CF7A15896E2}.Release|Any CPU.Build.0 = Release|Any CPU
		{0B8E96EC-7601-F21D-3EB1-3326599CD4DC}.Debug|Any CPU.ActiveCfg = Debug|Any CPU
		{0B8E96EC-7601-F21D-3EB1-3326599CD4DC}.Debug|Any CPU.Build.0 = Debug|Any CPU
		{0B8E96EC-7601-F21D-3EB1-3326599CD4DC}.Release|Any CPU.ActiveCfg = Release|Any CPU
		{0B8E96EC-7601-F21D-3EB1-3326599CD4DC}.Release|Any CPU.Build.0 = Release|Any CPU
		{2DE8956B-1E8D-9A57-E756-76772606A334}.Debug|Any CPU.ActiveCfg = Debug|Any CPU
		{2DE8956B-1E8D-9A57-E756-76772606A334}.Debug|Any CPU.Build.0 = Debug|Any CPU
		{2DE8956B-1E8D-9A57-E756-76772606A334}.Release|Any CPU.ActiveCfg = Release|Any CPU
		{2DE8956B-1E8D-9A57-E756-76772606A334}.Release|Any CPU.Build.0 = Release|Any CPU
		{3BA0C4B9-3417-2DBD-28E8-D9401CB03623}.Debug|Any CPU.ActiveCfg = Debug|Any CPU
		{3BA0C4B9-3417-2DBD-28E8-D9401CB03623}.Debug|Any CPU.Build.0 = Debug|Any CPU
		{3BA0C4B9-3417-2DBD-28E8-D9401CB03623}.Release|Any CPU.ActiveCfg = Release|Any CPU
		{3BA0C4B9-3417-2DBD-28E8-D9401CB03623}.Release|Any CPU.Build.0 = Release|Any CPU
		{A7D892C3-9486-75DB-9D27-B558B241E14D}.Debug|Any CPU.ActiveCfg = Debug|Any CPU
		{A7D892C3-9486-75DB-9D27-B558B241E14D}.Debug|Any CPU.Build.0 = Debug|Any CPU
		{A7D892C3-9486-75DB-9D27-B558B241E14D}.Release|Any CPU.ActiveCfg = Release|Any CPU
		{A7D892C3-9486-75DB-9D27-B558B241E14D}.Release|Any CPU.Build.0 = Release|Any CPU
		{24F179FB-E94A-C511-4D04-A6E82DD015C3}.Debug|Any CPU.ActiveCfg = Debug|Any CPU
		{24F179FB-E94A-C511-4D04-A6E82DD015C3}.Debug|Any CPU.Build.0 = Debug|Any CPU
		{24F179FB-E94A-C511-4D04-A6E82DD015C3}.Release|Any CPU.ActiveCfg = Release|Any CPU
		{24F179FB-E94A-C511-4D04-A6E82DD015C3}.Release|Any CPU.Build.0 = Release|Any CPU
		{9708C9A0-E812-7066-A596-F9345F54A321}.Debug|Any CPU.ActiveCfg = Debug|Any CPU
		{9708C9A0-E812-7066-A596-F9345F54A321}.Debug|Any CPU.Build.0 = Debug|Any CPU
		{9708C9A0-E812-7066-A596-F9345F54A321}.Release|Any CPU.ActiveCfg = Release|Any CPU
		{9708C9A0-E812-7066-A596-F9345F54A321}.Release|Any CPU.Build.0 = Release|Any CPU
		{0518E2D7-8AAE-6A61-792A-A17B984BFED8}.Debug|Any CPU.ActiveCfg = Debug|Any CPU
		{0518E2D7-8AAE-6A61-792A-A17B984BFED8}.Debug|Any CPU.Build.0 = Debug|Any CPU
		{0518E2D7-8AAE-6A61-792A-A17B984BFED8}.Release|Any CPU.ActiveCfg = Release|Any CPU
		{0518E2D7-8AAE-6A61-792A-A17B984BFED8}.Release|Any CPU.Build.0 = Release|Any CPU
		{93108B0A-4E28-AA60-BD84-9770EDFBE4E6}.Debug|Any CPU.ActiveCfg = Debug|Any CPU
		{93108B0A-4E28-AA60-BD84-9770EDFBE4E6}.Debug|Any CPU.Build.0 = Debug|Any CPU
		{93108B0A-4E28-AA60-BD84-9770EDFBE4E6}.Release|Any CPU.ActiveCfg = Release|Any CPU
		{93108B0A-4E28-AA60-BD84-9770EDFBE4E6}.Release|Any CPU.Build.0 = Release|Any CPU
		{FBD0989F-D873-2483-3277-3AB19F3863EA}.Debug|Any CPU.ActiveCfg = Debug|Any CPU
		{FBD0989F-D873-2483-3277-3AB19F3863EA}.Debug|Any CPU.Build.0 = Debug|Any CPU
		{FBD0989F-D873-2483-3277-3AB19F3863EA}.Release|Any CPU.ActiveCfg = Release|Any CPU
		{FBD0989F-D873-2483-3277-3AB19F3863EA}.Release|Any CPU.Build.0 = Release|Any CPU
		{7D9D133B-6632-055D-44EE-3A46A87BFA93}.Debug|Any CPU.ActiveCfg = Debug|Any CPU
		{7D9D133B-6632-055D-44EE-3A46A87BFA93}.Debug|Any CPU.Build.0 = Debug|Any CPU
		{7D9D133B-6632-055D-44EE-3A46A87BFA93}.Release|Any CPU.ActiveCfg = Release|Any CPU
		{7D9D133B-6632-055D-44EE-3A46A87BFA93}.Release|Any CPU.Build.0 = Release|Any CPU
		{8987504C-6251-710C-FCED-F42BD0DB5A60}.Debug|Any CPU.ActiveCfg = Debug|Any CPU
		{8987504C-6251-710C-FCED-F42BD0DB5A60}.Debug|Any CPU.Build.0 = Debug|Any CPU
		{8987504C-6251-710C-FCED-F42BD0DB5A60}.Release|Any CPU.ActiveCfg = Release|Any CPU
		{8987504C-6251-710C-FCED-F42BD0DB5A60}.Release|Any CPU.Build.0 = Release|Any CPU
		{72483E4A-013F-7CB4-2440-135641337F1B}.Debug|Any CPU.ActiveCfg = Debug|Any CPU
		{72483E4A-013F-7CB4-2440-135641337F1B}.Debug|Any CPU.Build.0 = Debug|Any CPU
		{72483E4A-013F-7CB4-2440-135641337F1B}.Release|Any CPU.ActiveCfg = Release|Any CPU
		{72483E4A-013F-7CB4-2440-135641337F1B}.Release|Any CPU.Build.0 = Release|Any CPU
		{EB2645E3-0160-C015-C1B8-4D79552C1A58}.Debug|Any CPU.ActiveCfg = Debug|Any CPU
		{EB2645E3-0160-C015-C1B8-4D79552C1A58}.Debug|Any CPU.Build.0 = Debug|Any CPU
		{EB2645E3-0160-C015-C1B8-4D79552C1A58}.Release|Any CPU.ActiveCfg = Release|Any CPU
		{EB2645E3-0160-C015-C1B8-4D79552C1A58}.Release|Any CPU.Build.0 = Release|Any CPU
		{3F065026-630D-882A-ABDB-BBCFFC31CFB3}.Debug|Any CPU.ActiveCfg = Debug|Any CPU
		{3F065026-630D-882A-ABDB-BBCFFC31CFB3}.Debug|Any CPU.Build.0 = Debug|Any CPU
		{3F065026-630D-882A-ABDB-BBCFFC31CFB3}.Release|Any CPU.ActiveCfg = Release|Any CPU
		{3F065026-630D-882A-ABDB-BBCFFC31CFB3}.Release|Any CPU.Build.0 = Release|Any CPU
		{880FBC34-C804-0835-E7EB-3DF43BC4C4C0}.Debug|Any CPU.ActiveCfg = Debug|Any CPU
		{880FBC34-C804-0835-E7EB-3DF43BC4C4C0}.Debug|Any CPU.Build.0 = Debug|Any CPU
		{880FBC34-C804-0835-E7EB-3DF43BC4C4C0}.Release|Any CPU.ActiveCfg = Release|Any CPU
		{880FBC34-C804-0835-E7EB-3DF43BC4C4C0}.Release|Any CPU.Build.0 = Release|Any CPU
		{FE861778-078F-8B5F-E931-49B8F91883C7}.Debug|Any CPU.ActiveCfg = Debug|Any CPU
		{FE861778-078F-8B5F-E931-49B8F91883C7}.Debug|Any CPU.Build.0 = Debug|Any CPU
		{FE861778-078F-8B5F-E931-49B8F91883C7}.Release|Any CPU.ActiveCfg = Release|Any CPU
		{FE861778-078F-8B5F-E931-49B8F91883C7}.Release|Any CPU.Build.0 = Release|Any CPU
		{0ADE4AF2-EFA9-2A62-49FF-3DBBEE294BE4}.Debug|Any CPU.ActiveCfg = Debug|Any CPU
		{0ADE4AF2-EFA9-2A62-49FF-3DBBEE294BE4}.Debug|Any CPU.Build.0 = Debug|Any CPU
		{0ADE4AF2-EFA9-2A62-49FF-3DBBEE294BE4}.Release|Any CPU.ActiveCfg = Release|Any CPU
		{0ADE4AF2-EFA9-2A62-49FF-3DBBEE294BE4}.Release|Any CPU.Build.0 = Release|Any CPU
		{FF5BDC69-5743-E7F3-63F9-5C0A828C54B5}.Debug|Any CPU.ActiveCfg = Debug|Any CPU
		{FF5BDC69-5743-E7F3-63F9-5C0A828C54B5}.Debug|Any CPU.Build.0 = Debug|Any CPU
		{FF5BDC69-5743-E7F3-63F9-5C0A828C54B5}.Release|Any CPU.ActiveCfg = Release|Any CPU
		{FF5BDC69-5743-E7F3-63F9-5C0A828C54B5}.Release|Any CPU.Build.0 = Release|Any CPU
		{2FA7391A-9542-AE7B-F70B-70EC96C05665}.Debug|Any CPU.ActiveCfg = Debug|Any CPU
		{2FA7391A-9542-AE7B-F70B-70EC96C05665}.Debug|Any CPU.Build.0 = Debug|Any CPU
		{2FA7391A-9542-AE7B-F70B-70EC96C05665}.Release|Any CPU.ActiveCfg = Release|Any CPU
		{2FA7391A-9542-AE7B-F70B-70EC96C05665}.Release|Any CPU.Build.0 = Release|Any CPU
		{574529C0-DE79-09E3-5B8E-99D157FCD381}.Debug|Any CPU.ActiveCfg = Debug|Any CPU
		{574529C0-DE79-09E3-5B8E-99D157FCD381}.Debug|Any CPU.Build.0 = Debug|Any CPU
		{574529C0-DE79-09E3-5B8E-99D157FCD381}.Release|Any CPU.ActiveCfg = Release|Any CPU
		{574529C0-DE79-09E3-5B8E-99D157FCD381}.Release|Any CPU.Build.0 = Release|Any CPU
		{A005D61E-D96B-7F4A-FE24-B2E94DBACD4F}.Debug|Any CPU.ActiveCfg = Debug|Any CPU
		{A005D61E-D96B-7F4A-FE24-B2E94DBACD4F}.Debug|Any CPU.Build.0 = Debug|Any CPU
		{A005D61E-D96B-7F4A-FE24-B2E94DBACD4F}.Release|Any CPU.ActiveCfg = Release|Any CPU
		{A005D61E-D96B-7F4A-FE24-B2E94DBACD4F}.Release|Any CPU.Build.0 = Release|Any CPU
		{7373D8AD-7749-8B7B-4ADE-6B3EC5F28FA6}.Debug|Any CPU.ActiveCfg = Debug|Any CPU
		{7373D8AD-7749-8B7B-4ADE-6B3EC5F28FA6}.Debug|Any CPU.Build.0 = Debug|Any CPU
		{7373D8AD-7749-8B7B-4ADE-6B3EC5F28FA6}.Release|Any CPU.ActiveCfg = Release|Any CPU
		{7373D8AD-7749-8B7B-4ADE-6B3EC5F28FA6}.Release|Any CPU.Build.0 = Release|Any CPU
		{4D001E30-29F5-74D1-28F9-D2B58EBD0F03}.Debug|Any CPU.ActiveCfg = Debug|Any CPU
		{4D001E30-29F5-74D1-28F9-D2B58EBD0F03}.Debug|Any CPU.Build.0 = Debug|Any CPU
		{4D001E30-29F5-74D1-28F9-D2B58EBD0F03}.Release|Any CPU.ActiveCfg = Release|Any CPU
		{4D001E30-29F5-74D1-28F9-D2B58EBD0F03}.Release|Any CPU.Build.0 = Release|Any CPU
		{DBF32281-4B86-E349-72BA-CFF771410729}.Debug|Any CPU.ActiveCfg = Debug|Any CPU
		{DBF32281-4B86-E349-72BA-CFF771410729}.Debug|Any CPU.Build.0 = Debug|Any CPU
		{DBF32281-4B86-E349-72BA-CFF771410729}.Release|Any CPU.ActiveCfg = Release|Any CPU
		{DBF32281-4B86-E349-72BA-CFF771410729}.Release|Any CPU.Build.0 = Release|Any CPU
		{4AD083F6-01AC-D633-79E9-4C34619A9C3A}.Debug|Any CPU.ActiveCfg = Debug|Any CPU
		{4AD083F6-01AC-D633-79E9-4C34619A9C3A}.Debug|Any CPU.Build.0 = Debug|Any CPU
		{4AD083F6-01AC-D633-79E9-4C34619A9C3A}.Release|Any CPU.ActiveCfg = Release|Any CPU
		{4AD083F6-01AC-D633-79E9-4C34619A9C3A}.Release|Any CPU.Build.0 = Release|Any CPU
		{A32C41C9-9A12-0CFC-3DC7-80D2052A6FB2}.Debug|Any CPU.ActiveCfg = Debug|Any CPU
		{A32C41C9-9A12-0CFC-3DC7-80D2052A6FB2}.Debug|Any CPU.Build.0 = Debug|Any CPU
		{A32C41C9-9A12-0CFC-3DC7-80D2052A6FB2}.Release|Any CPU.ActiveCfg = Release|Any CPU
		{A32C41C9-9A12-0CFC-3DC7-80D2052A6FB2}.Release|Any CPU.Build.0 = Release|Any CPU
		{CEF8C53F-3108-4199-37DB-5AA68503D660}.Debug|Any CPU.ActiveCfg = Debug|Any CPU
		{CEF8C53F-3108-4199-37DB-5AA68503D660}.Debug|Any CPU.Build.0 = Debug|Any CPU
		{CEF8C53F-3108-4199-37DB-5AA68503D660}.Release|Any CPU.ActiveCfg = Release|Any CPU
		{CEF8C53F-3108-4199-37DB-5AA68503D660}.Release|Any CPU.Build.0 = Release|Any CPU
		{13C4B242-5372-8027-D458-5A9D624C5BD4}.Debug|Any CPU.ActiveCfg = Debug|Any CPU
		{13C4B242-5372-8027-D458-5A9D624C5BD4}.Debug|Any CPU.Build.0 = Debug|Any CPU
		{13C4B242-5372-8027-D458-5A9D624C5BD4}.Release|Any CPU.ActiveCfg = Release|Any CPU
		{13C4B242-5372-8027-D458-5A9D624C5BD4}.Release|Any CPU.Build.0 = Release|Any CPU
		{B17435FD-C1E1-5683-FEE5-4443B2180483}.Debug|Any CPU.ActiveCfg = Debug|Any CPU
		{B17435FD-C1E1-5683-FEE5-4443B2180483}.Debug|Any CPU.Build.0 = Debug|Any CPU
		{B17435FD-C1E1-5683-FEE5-4443B2180483}.Release|Any CPU.ActiveCfg = Release|Any CPU
		{B17435FD-C1E1-5683-FEE5-4443B2180483}.Release|Any CPU.Build.0 = Release|Any CPU
		{C94D9734-570B-855E-35A6-30715E83D6D2}.Debug|Any CPU.ActiveCfg = Debug|Any CPU
		{C94D9734-570B-855E-35A6-30715E83D6D2}.Debug|Any CPU.Build.0 = Debug|Any CPU
		{C94D9734-570B-855E-35A6-30715E83D6D2}.Release|Any CPU.ActiveCfg = Release|Any CPU
		{C94D9734-570B-855E-35A6-30715E83D6D2}.Release|Any CPU.Build.0 = Release|Any CPU
		{5761A8F3-A4F1-DCD8-9207-2DA2F9914993}.Debug|Any CPU.ActiveCfg = Debug|Any CPU
		{5761A8F3-A4F1-DCD8-9207-2DA2F9914993}.Debug|Any CPU.Build.0 = Debug|Any CPU
		{5761A8F3-A4F1-DCD8-9207-2DA2F9914993}.Release|Any CPU.ActiveCfg = Release|Any CPU
		{5761A8F3-A4F1-DCD8-9207-2DA2F9914993}.Release|Any CPU.Build.0 = Release|Any CPU
		{716185FC-BFA0-4D82-4426-5745757DE9E7}.Debug|Any CPU.ActiveCfg = Debug|Any CPU
		{716185FC-BFA0-4D82-4426-5745757DE9E7}.Debug|Any CPU.Build.0 = Debug|Any CPU
		{716185FC-BFA0-4D82-4426-5745757DE9E7}.Release|Any CPU.ActiveCfg = Release|Any CPU
		{716185FC-BFA0-4D82-4426-5745757DE9E7}.Release|Any CPU.Build.0 = Release|Any CPU
		{77EE9236-D0C0-728A-50EE-0FA80E559E4F}.Debug|Any CPU.ActiveCfg = Debug|Any CPU
		{77EE9236-D0C0-728A-50EE-0FA80E559E4F}.Debug|Any CPU.Build.0 = Debug|Any CPU
		{77EE9236-D0C0-728A-50EE-0FA80E559E4F}.Release|Any CPU.ActiveCfg = Release|Any CPU
		{77EE9236-D0C0-728A-50EE-0FA80E559E4F}.Release|Any CPU.Build.0 = Release|Any CPU
		{36A99DAB-7683-50B2-E4F8-BA6799576159}.Debug|Any CPU.ActiveCfg = Debug|Any CPU
		{36A99DAB-7683-50B2-E4F8-BA6799576159}.Debug|Any CPU.Build.0 = Debug|Any CPU
		{36A99DAB-7683-50B2-E4F8-BA6799576159}.Release|Any CPU.ActiveCfg = Release|Any CPU
		{36A99DAB-7683-50B2-E4F8-BA6799576159}.Release|Any CPU.Build.0 = Release|Any CPU
		{A8433627-6BA9-A64E-AAD7-DEB78DED5F02}.Debug|Any CPU.ActiveCfg = Debug|Any CPU
		{A8433627-6BA9-A64E-AAD7-DEB78DED5F02}.Debug|Any CPU.Build.0 = Debug|Any CPU
		{A8433627-6BA9-A64E-AAD7-DEB78DED5F02}.Release|Any CPU.ActiveCfg = Release|Any CPU
		{A8433627-6BA9-A64E-AAD7-DEB78DED5F02}.Release|Any CPU.Build.0 = Release|Any CPU
		{ED999BC1-45E7-47E1-DC2F-A71561045811}.Debug|Any CPU.ActiveCfg = Debug|Any CPU
		{ED999BC1-45E7-47E1-DC2F-A71561045811}.Debug|Any CPU.Build.0 = Debug|Any CPU
		{ED999BC1-45E7-47E1-DC2F-A71561045811}.Release|Any CPU.ActiveCfg = Release|Any CPU
		{ED999BC1-45E7-47E1-DC2F-A71561045811}.Release|Any CPU.Build.0 = Release|Any CPU
		{1903A34C-43F0-9400-152D-4AC64B7B2E69}.Debug|Any CPU.ActiveCfg = Debug|Any CPU
		{1903A34C-43F0-9400-152D-4AC64B7B2E69}.Debug|Any CPU.Build.0 = Debug|Any CPU
		{1903A34C-43F0-9400-152D-4AC64B7B2E69}.Release|Any CPU.ActiveCfg = Release|Any CPU
		{1903A34C-43F0-9400-152D-4AC64B7B2E69}.Release|Any CPU.Build.0 = Release|Any CPU
		{C32BD77B-5B8C-B795-6BDC-410DF89525DC}.Debug|Any CPU.ActiveCfg = Debug|Any CPU
		{C32BD77B-5B8C-B795-6BDC-410DF89525DC}.Debug|Any CPU.Build.0 = Debug|Any CPU
		{C32BD77B-5B8C-B795-6BDC-410DF89525DC}.Release|Any CPU.ActiveCfg = Release|Any CPU
		{C32BD77B-5B8C-B795-6BDC-410DF89525DC}.Release|Any CPU.Build.0 = Release|Any CPU
		{BDECD2C5-7C52-67D9-383A-8C89821C7471}.Debug|Any CPU.ActiveCfg = Debug|Any CPU
		{BDECD2C5-7C52-67D9-383A-8C89821C7471}.Debug|Any CPU.Build.0 = Debug|Any CPU
		{BDECD2C5-7C52-67D9-383A-8C89821C7471}.Release|Any CPU.ActiveCfg = Release|Any CPU
		{BDECD2C5-7C52-67D9-383A-8C89821C7471}.Release|Any CPU.Build.0 = Release|Any CPU
		{4058F802-227F-B476-C2A0-CA731B2DA2D8}.Debug|Any CPU.ActiveCfg = Debug|Any CPU
		{4058F802-227F-B476-C2A0-CA731B2DA2D8}.Debug|Any CPU.Build.0 = Debug|Any CPU
		{4058F802-227F-B476-C2A0-CA731B2DA2D8}.Release|Any CPU.ActiveCfg = Release|Any CPU
		{4058F802-227F-B476-C2A0-CA731B2DA2D8}.Release|Any CPU.Build.0 = Release|Any CPU
		{69579BF8-A69A-9BDD-0E68-F1CDFE2B1B04}.Debug|Any CPU.ActiveCfg = Debug|Any CPU
		{69579BF8-A69A-9BDD-0E68-F1CDFE2B1B04}.Debug|Any CPU.Build.0 = Debug|Any CPU
		{69579BF8-A69A-9BDD-0E68-F1CDFE2B1B04}.Release|Any CPU.ActiveCfg = Release|Any CPU
		{69579BF8-A69A-9BDD-0E68-F1CDFE2B1B04}.Release|Any CPU.Build.0 = Release|Any CPU
	EndGlobalSection
	GlobalSection(SolutionProperties) = preSolution
		HideSolutionNode = FALSE
	EndGlobalSection
EndGlobal
